
Microsoft Visual Studio Solution File, Format Version 12.00
# Visual Studio Version 16
VisualStudioVersion = 16.0.31829.152
MinimumVisualStudioVersion = 10.0.40219.1
Project("{FAE04EC0-301F-11D3-BF4B-00C04F79EFBC}") = "pract3", "pract3\pract3.csproj", "{147CCC45-7004-4981-8A94-53F687E15068}"
EndProject
Project("{FAE04EC0-301F-11D3-BF4B-00C04F79EFBC}") = "lib_6", "lib_6\lib_6.csproj", "{F973C8AC-2B23-4761-84F6-C0A6C2A03487}"
EndProject
Project("{FAE04EC0-301F-11D3-BF4B-00C04F79EFBC}") = "lib_mas", "lib_mas\lib_mas.csproj", "{71DE33FE-6C4F-4AFC-B27F-63C7524AF853}"
EndProject
Global
	GlobalSection(SolutionConfigurationPlatforms) = preSolution
		Debug|Any CPU = Debug|Any CPU
		Release|Any CPU = Release|Any CPU
	EndGlobalSection
	GlobalSection(ProjectConfigurationPlatforms) = postSolution
		{147CCC45-7004-4981-8A94-53F687E15068}.Debug|Any CPU.ActiveCfg = Debug|Any CPU
		{147CCC45-7004-4981-8A94-53F687E15068}.Debug|Any CPU.Build.0 = Debug|Any CPU
		{147CCC45-7004-4981-8A94-53F687E15068}.Release|Any CPU.ActiveCfg = Release|Any CPU
		{147CCC45-7004-4981-8A94-53F687E15068}.Release|Any CPU.Build.0 = Release|Any CPU
		{F973C8AC-2B23-4761-84F6-C0A6C2A03487}.Debug|Any CPU.ActiveCfg = Debug|Any CPU
		{F973C8AC-2B23-4761-84F6-C0A6C2A03487}.Debug|Any CPU.Build.0 = Debug|Any CPU
		{F973C8AC-2B23-4761-84F6-C0A6C2A03487}.Release|Any CPU.ActiveCfg = Release|Any CPU
		{F973C8AC-2B23-4761-84F6-C0A6C2A03487}.Release|Any CPU.Build.0 = Release|Any CPU
		{71DE33FE-6C4F-4AFC-B27F-63C7524AF853}.Debug|Any CPU.ActiveCfg = Debug|Any CPU
		{71DE33FE-6C4F-4AFC-B27F-63C7524AF853}.Debug|Any CPU.Build.0 = Debug|Any CPU
		{71DE33FE-6C4F-4AFC-B27F-63C7524AF853}.Release|Any CPU.ActiveCfg = Release|Any CPU
		{71DE33FE-6C4F-4AFC-B27F-63C7524AF853}.Release|Any CPU.Build.0 = Release|Any CPU
	EndGlobalSection
	GlobalSection(SolutionProperties) = preSolution
		HideSolutionNode = FALSE
	EndGlobalSection
	GlobalSection(ExtensibilityGlobals) = postSolution
		SolutionGuid = {FFA3B0E8-CC23-486A-B8DB-0C9EF865CFC9}
	EndGlobalSection
EndGlobal
