
Microsoft Visual Studio Solution File, Format Version 12.00
# Visual Studio Version 16
VisualStudioVersion = 16.0.31410.357
MinimumVisualStudioVersion = 10.0.40219.1
Project("{FAE04EC0-301F-11D3-BF4B-00C04F79EFBC}") = "pract10", "pract10\pract10.csproj", "{6DF8303D-584E-4A0B-8865-E897F01788EE}"
EndProject
Global
	GlobalSection(SolutionConfigurationPlatforms) = preSolution
		Debug|Any CPU = Debug|Any CPU
		Release|Any CPU = Release|Any CPU
	EndGlobalSection
	GlobalSection(ProjectConfigurationPlatforms) = postSolution
		{6DF8303D-584E-4A0B-8865-E897F01788EE}.Debug|Any CPU.ActiveCfg = Debug|Any CPU
		{6DF8303D-584E-4A0B-8865-E897F01788EE}.Debug|Any CPU.Build.0 = Debug|Any CPU
		{6DF8303D-584E-4A0B-8865-E897F01788EE}.Release|Any CPU.ActiveCfg = Release|Any CPU
		{6DF8303D-584E-4A0B-8865-E897F01788EE}.Release|Any CPU.Build.0 = Release|Any CPU
	EndGlobalSection
	GlobalSection(SolutionProperties) = preSolution
		HideSolutionNode = FALSE
	EndGlobalSection
	GlobalSection(ExtensibilityGlobals) = postSolution
		SolutionGuid = {ECAB3D31-45C6-4E37-B487-0C20295DE77F}
	EndGlobalSection
EndGlobal
